
Microsoft Visual Studio Solution File, Format Version 12.00
# Visual Studio 15
VisualStudioVersion = 15.0.27004.2006
MinimumVisualStudioVersion = 10.0.40219.1
Project("{6870E480-7721-4708-BFB8-9AE898AA21B3}") = "BCFerries_eBooking_Live_SSAS", "BCFerries_eBooking_SSAS\BCFerries_eBooking_Live_SSAS.smproj", "{8CE414BB-95B2-4C99-9E03-51BA72086E22}"
EndProject
Project("{6870E480-7721-4708-BFB8-9AE898AA21B3}") = "BCFerries_CRM_SSAS", "BCFerries_CRM_SSAS\BCFerries_CRM_SSAS.smproj", "{2814C112-6247-4BFB-8778-F3EDC365B1C5}"
EndProject
Project("{6870E480-7721-4708-BFB8-9AE898AA21B3}") = "BCFerries_CRM_SSAS_eBookingFocused", "BCFerries_CRM_SSAS_eBookingFocused\BCFerries_CRM_SSAS_eBookingFocused.smproj", "{651A32EA-BAFC-4E37-843F-24AD6882C07B}"
EndProject
Project("{2150E333-8FDC-42A3-9474-1A3956D46DE8}") = "Solution Items", "Solution Items", "{401F4082-B6BB-430C-9F17-D887D745E5F2}"
	ProjectSection(SolutionItems) = preProject
		..\Users\joanders\Downloads\CRM data loads.pbix = ..\Users\joanders\Downloads\CRM data loads.pbix
		..\Users\joanders\Downloads\Space Availability.pbix = ..\Users\joanders\Downloads\Space Availability.pbix
		..\Users\joanders\Downloads\Space Availability_testing.pbix = ..\Users\joanders\Downloads\Space Availability_testing.pbix
	EndProjectSection
EndProject
Project("{6870E480-7721-4708-BFB8-9AE898AA21B3}") = "BC Ferries - HR", "BC Ferries - HR\BC Ferries - HR.smproj", "{D69FE19C-7165-4072-8404-8A9387E5D0FF}"
EndProject
Global
	GlobalSection(SolutionConfigurationPlatforms) = preSolution
		Development|x86 = Development|x86
	EndGlobalSection
	GlobalSection(ProjectConfigurationPlatforms) = postSolution
		{8CE414BB-95B2-4C99-9E03-51BA72086E22}.Development|x86.ActiveCfg = Development|x86
		{8CE414BB-95B2-4C99-9E03-51BA72086E22}.Development|x86.Build.0 = Development|x86
		{8CE414BB-95B2-4C99-9E03-51BA72086E22}.Development|x86.Deploy.0 = Development|x86
		{2814C112-6247-4BFB-8778-F3EDC365B1C5}.Development|x86.ActiveCfg = Development|x86
		{2814C112-6247-4BFB-8778-F3EDC365B1C5}.Development|x86.Build.0 = Development|x86
		{2814C112-6247-4BFB-8778-F3EDC365B1C5}.Development|x86.Deploy.0 = Development|x86
		{651A32EA-BAFC-4E37-843F-24AD6882C07B}.Development|x86.ActiveCfg = Development|x86
		{651A32EA-BAFC-4E37-843F-24AD6882C07B}.Development|x86.Build.0 = Development|x86
		{651A32EA-BAFC-4E37-843F-24AD6882C07B}.Development|x86.Deploy.0 = Development|x86
		{D69FE19C-7165-4072-8404-8A9387E5D0FF}.Development|x86.ActiveCfg = Development|x86
		{D69FE19C-7165-4072-8404-8A9387E5D0FF}.Development|x86.Build.0 = Development|x86
		{D69FE19C-7165-4072-8404-8A9387E5D0FF}.Development|x86.Deploy.0 = Development|x86
	EndGlobalSection
	GlobalSection(SolutionProperties) = preSolution
		HideSolutionNode = FALSE
	EndGlobalSection
	GlobalSection(ExtensibilityGlobals) = postSolution
		SolutionGuid = {EA4BB8D1-9786-434C-8A9B-BFBB6ECED793}
	EndGlobalSection
EndGlobal
