
Microsoft Visual Studio Solution File, Format Version 12.00
# Visual Studio 15
VisualStudioVersion = 15.0.27004.2006
MinimumVisualStudioVersion = 10.0.40219.1
Project("{6870E480-7721-4708-BFB8-9AE898AA21B3}") = "BCFerries_eBooking_Live_SSAS", "BCFerries_eBooking_SSAS\BCFerries_eBooking_Live_SSAS.smproj", "{8CE414BB-95B2-4C99-9E03-51BA72086E22}"
EndProject
Project("{6870E480-7721-4708-BFB8-9AE898AA21B3}") = "BCFerries_CRM_SSAS", "BCFerries_CRM_SSAS\BCFerries_CRM_SSAS.smproj", "{2814C112-6247-4BFB-8778-F3EDC365B1C5}"
EndProject
Project("{6870E480-7721-4708-BFB8-9AE898AA21B3}") = "BCFerries_CRM_SSAS_eBookingFocused", "BCFerries_CRM_SSAS_eBookingFocused\BCFerries_CRM_SSAS_eBookingFocused.smproj", "{651A32EA-BAFC-4E37-843F-24AD6882C07B}"
EndProject
Project("{2150E333-8FDC-42A3-9474-1A3956D46DE8}") = "Solution Items", "Solution Items", "{401F4082-B6BB-430C-9F17-D887D745E5F2}"
	ProjectSection(SolutionItems) = preProject
		..\Users\joanders\Downloads\CRM data loads.pbix = ..\Users\joanders\Downloads\CRM data loads.pbix
		..\Users\joanders\Downloads\Space Availability.pbix = ..\Users\joanders\Downloads\Space Availability.pbix
		..\Users\joanders\Downloads\Space Availability_testing.pbix = ..\Users\joanders\Downloads\Space Availability_testing.pbix
	EndProjectSection
EndProject
Project("{6870E480-7721-4708-BFB8-9AE898AA21B3}") = "BC Ferries - HR", "BC Ferries - HR\BC Ferries - HR.smproj", "{D69FE19C-7165-4072-8404-8A9387E5D0FF}"
EndProject
Project("{6870E480-7721-4708-BFB8-9AE898AA21B3}") = "tesintg", "tesintg\tesintg.smproj", "{AE1E1127-EC69-48A5-BE97-5003814F2E6F}"
EndProject
Project("{F14B399A-7131-4C87-9E4B-1186C45EF12D}") = "Report Project1", "Report Project1\Report Project1.rptproj", "{E114E62F-CAE1-4DAE-8F33-9DF731FB9A37}"
EndProject
Global
	GlobalSection(SolutionConfigurationPlatforms) = preSolution
		Debug|x86 = Debug|x86
		DebugLocal|x86 = DebugLocal|x86
		Development|x86 = Development|x86
		Release|x86 = Release|x86
	EndGlobalSection
	GlobalSection(ProjectConfigurationPlatforms) = postSolution
		{8CE414BB-95B2-4C99-9E03-51BA72086E22}.Debug|x86.ActiveCfg = Development|x86
		{8CE414BB-95B2-4C99-9E03-51BA72086E22}.Debug|x86.Build.0 = Development|x86
		{8CE414BB-95B2-4C99-9E03-51BA72086E22}.Debug|x86.Deploy.0 = Development|x86
		{8CE414BB-95B2-4C99-9E03-51BA72086E22}.DebugLocal|x86.ActiveCfg = Development|x86
		{8CE414BB-95B2-4C99-9E03-51BA72086E22}.DebugLocal|x86.Build.0 = Development|x86
		{8CE414BB-95B2-4C99-9E03-51BA72086E22}.DebugLocal|x86.Deploy.0 = Development|x86
		{8CE414BB-95B2-4C99-9E03-51BA72086E22}.Development|x86.ActiveCfg = Development|x86
		{8CE414BB-95B2-4C99-9E03-51BA72086E22}.Development|x86.Build.0 = Development|x86
		{8CE414BB-95B2-4C99-9E03-51BA72086E22}.Development|x86.Deploy.0 = Development|x86
		{8CE414BB-95B2-4C99-9E03-51BA72086E22}.Release|x86.ActiveCfg = Development|x86
		{8CE414BB-95B2-4C99-9E03-51BA72086E22}.Release|x86.Build.0 = Development|x86
		{8CE414BB-95B2-4C99-9E03-51BA72086E22}.Release|x86.Deploy.0 = Development|x86
		{2814C112-6247-4BFB-8778-F3EDC365B1C5}.Debug|x86.ActiveCfg = Development|x86
		{2814C112-6247-4BFB-8778-F3EDC365B1C5}.Debug|x86.Build.0 = Development|x86
		{2814C112-6247-4BFB-8778-F3EDC365B1C5}.Debug|x86.Deploy.0 = Development|x86
		{2814C112-6247-4BFB-8778-F3EDC365B1C5}.DebugLocal|x86.ActiveCfg = Development|x86
		{2814C112-6247-4BFB-8778-F3EDC365B1C5}.DebugLocal|x86.Build.0 = Development|x86
		{2814C112-6247-4BFB-8778-F3EDC365B1C5}.DebugLocal|x86.Deploy.0 = Development|x86
		{2814C112-6247-4BFB-8778-F3EDC365B1C5}.Development|x86.ActiveCfg = Development|x86
		{2814C112-6247-4BFB-8778-F3EDC365B1C5}.Development|x86.Build.0 = Development|x86
		{2814C112-6247-4BFB-8778-F3EDC365B1C5}.Development|x86.Deploy.0 = Development|x86
		{2814C112-6247-4BFB-8778-F3EDC365B1C5}.Release|x86.ActiveCfg = Development|x86
		{2814C112-6247-4BFB-8778-F3EDC365B1C5}.Release|x86.Build.0 = Development|x86
		{2814C112-6247-4BFB-8778-F3EDC365B1C5}.Release|x86.Deploy.0 = Development|x86
		{651A32EA-BAFC-4E37-843F-24AD6882C07B}.Debug|x86.ActiveCfg = Development|x86
		{651A32EA-BAFC-4E37-843F-24AD6882C07B}.Debug|x86.Build.0 = Development|x86
		{651A32EA-BAFC-4E37-843F-24AD6882C07B}.Debug|x86.Deploy.0 = Development|x86
		{651A32EA-BAFC-4E37-843F-24AD6882C07B}.DebugLocal|x86.ActiveCfg = Development|x86
		{651A32EA-BAFC-4E37-843F-24AD6882C07B}.DebugLocal|x86.Build.0 = Development|x86
		{651A32EA-BAFC-4E37-843F-24AD6882C07B}.DebugLocal|x86.Deploy.0 = Development|x86
		{651A32EA-BAFC-4E37-843F-24AD6882C07B}.Development|x86.ActiveCfg = Development|x86
		{651A32EA-BAFC-4E37-843F-24AD6882C07B}.Development|x86.Build.0 = Development|x86
		{651A32EA-BAFC-4E37-843F-24AD6882C07B}.Development|x86.Deploy.0 = Development|x86
		{651A32EA-BAFC-4E37-843F-24AD6882C07B}.Release|x86.ActiveCfg = Development|x86
		{651A32EA-BAFC-4E37-843F-24AD6882C07B}.Release|x86.Build.0 = Development|x86
		{651A32EA-BAFC-4E37-843F-24AD6882C07B}.Release|x86.Deploy.0 = Development|x86
		{D69FE19C-7165-4072-8404-8A9387E5D0FF}.Debug|x86.ActiveCfg = Development|x86
		{D69FE19C-7165-4072-8404-8A9387E5D0FF}.Debug|x86.Build.0 = Development|x86
		{D69FE19C-7165-4072-8404-8A9387E5D0FF}.Debug|x86.Deploy.0 = Development|x86
		{D69FE19C-7165-4072-8404-8A9387E5D0FF}.DebugLocal|x86.ActiveCfg = Development|x86
		{D69FE19C-7165-4072-8404-8A9387E5D0FF}.DebugLocal|x86.Build.0 = Development|x86
		{D69FE19C-7165-4072-8404-8A9387E5D0FF}.DebugLocal|x86.Deploy.0 = Development|x86
		{D69FE19C-7165-4072-8404-8A9387E5D0FF}.Development|x86.ActiveCfg = Development|x86
		{D69FE19C-7165-4072-8404-8A9387E5D0FF}.Development|x86.Build.0 = Development|x86
		{D69FE19C-7165-4072-8404-8A9387E5D0FF}.Development|x86.Deploy.0 = Development|x86
		{D69FE19C-7165-4072-8404-8A9387E5D0FF}.Release|x86.ActiveCfg = Development|x86
		{D69FE19C-7165-4072-8404-8A9387E5D0FF}.Release|x86.Build.0 = Development|x86
		{D69FE19C-7165-4072-8404-8A9387E5D0FF}.Release|x86.Deploy.0 = Development|x86
		{AE1E1127-EC69-48A5-BE97-5003814F2E6F}.Debug|x86.ActiveCfg = Development|x86
		{AE1E1127-EC69-48A5-BE97-5003814F2E6F}.Debug|x86.Build.0 = Development|x86
		{AE1E1127-EC69-48A5-BE97-5003814F2E6F}.Debug|x86.Deploy.0 = Development|x86
		{AE1E1127-EC69-48A5-BE97-5003814F2E6F}.DebugLocal|x86.ActiveCfg = Development|x86
		{AE1E1127-EC69-48A5-BE97-5003814F2E6F}.DebugLocal|x86.Build.0 = Development|x86
		{AE1E1127-EC69-48A5-BE97-5003814F2E6F}.DebugLocal|x86.Deploy.0 = Development|x86
		{AE1E1127-EC69-48A5-BE97-5003814F2E6F}.Development|x86.ActiveCfg = Development|x86
		{AE1E1127-EC69-48A5-BE97-5003814F2E6F}.Development|x86.Build.0 = Development|x86
		{AE1E1127-EC69-48A5-BE97-5003814F2E6F}.Development|x86.Deploy.0 = Development|x86
		{AE1E1127-EC69-48A5-BE97-5003814F2E6F}.Release|x86.ActiveCfg = Development|x86
		{AE1E1127-EC69-48A5-BE97-5003814F2E6F}.Release|x86.Build.0 = Development|x86
		{AE1E1127-EC69-48A5-BE97-5003814F2E6F}.Release|x86.Deploy.0 = Development|x86
		{E114E62F-CAE1-4DAE-8F33-9DF731FB9A37}.Debug|x86.ActiveCfg = Debug
		{E114E62F-CAE1-4DAE-8F33-9DF731FB9A37}.Debug|x86.Build.0 = Debug
		{E114E62F-CAE1-4DAE-8F33-9DF731FB9A37}.Debug|x86.Deploy.0 = Debug
		{E114E62F-CAE1-4DAE-8F33-9DF731FB9A37}.DebugLocal|x86.ActiveCfg = DebugLocal
		{E114E62F-CAE1-4DAE-8F33-9DF731FB9A37}.DebugLocal|x86.Build.0 = DebugLocal
		{E114E62F-CAE1-4DAE-8F33-9DF731FB9A37}.Development|x86.ActiveCfg = DebugLocal
		{E114E62F-CAE1-4DAE-8F33-9DF731FB9A37}.Development|x86.Build.0 = DebugLocal
		{E114E62F-CAE1-4DAE-8F33-9DF731FB9A37}.Release|x86.ActiveCfg = Release
		{E114E62F-CAE1-4DAE-8F33-9DF731FB9A37}.Release|x86.Build.0 = Release
		{E114E62F-CAE1-4DAE-8F33-9DF731FB9A37}.Release|x86.Deploy.0 = Release
	EndGlobalSection
	GlobalSection(SolutionProperties) = preSolution
		HideSolutionNode = FALSE
	EndGlobalSection
	GlobalSection(ExtensibilityGlobals) = postSolution
		SolutionGuid = {EA4BB8D1-9786-434C-8A9B-BFBB6ECED793}
	EndGlobalSection
EndGlobal
